
Microsoft Visual Studio Solution File, Format Version 12.00
# Visual Studio Version 17
VisualStudioVersion = 17.14.36401.2 d17.14
MinimumVisualStudioVersion = 10.0.40219.1
Project("{FAE04EC0-301F-11D3-BF4B-00C04F79EFBC}") = "Whatsapp_Sifreli", "Whatsapp_Sifreli\Whatsapp_Sifreli.csproj", "{A0622C0C-88AE-4CA5-940D-29FBC2B4C1B1}"
EndProject
Global
	GlobalSection(SolutionConfigurationPlatforms) = preSolution
		Debug|Any CPU = Debug|Any CPU
		Release|Any CPU = Release|Any CPU
	EndGlobalSection
	GlobalSection(ProjectConfigurationPlatforms) = postSolution
		{A0622C0C-88AE-4CA5-940D-29FBC2B4C1B1}.Debug|Any CPU.ActiveCfg = Debug|Any CPU
		{A0622C0C-88AE-4CA5-940D-29FBC2B4C1B1}.Debug|Any CPU.Build.0 = Debug|Any CPU
		{A0622C0C-88AE-4CA5-940D-29FBC2B4C1B1}.Release|Any CPU.ActiveCfg = Release|Any CPU
		{A0622C0C-88AE-4CA5-940D-29FBC2B4C1B1}.Release|Any CPU.Build.0 = Release|Any CPU
	EndGlobalSection
	GlobalSection(SolutionProperties) = preSolution
		HideSolutionNode = FALSE
	EndGlobalSection
	GlobalSection(ExtensibilityGlobals) = postSolution
		SolutionGuid = {CB894A6B-0989-4474-8351-68C36B2137FC}
	EndGlobalSection
EndGlobal
